
Microsoft Visual Studio Solution File, Format Version 12.00
# Visual Studio Version 17
VisualStudioVersion = 17.13.35828.75 d17.13
MinimumVisualStudioVersion = 10.0.40219.1
Project("{FAE04EC0-301F-11D3-BF4B-00C04F79EFBC}") = "Graph Implementation", "Graph Implementation.csproj", "{DE62FC7E-3E89-4B4D-9DB0-9D12ADC1ACBB}"
EndProject
Global
	GlobalSection(SolutionConfigurationPlatforms) = preSolution
		Debug|Any CPU = Debug|Any CPU
		Release|Any CPU = Release|Any CPU
	EndGlobalSection
	GlobalSection(ProjectConfigurationPlatforms) = postSolution
		{DE62FC7E-3E89-4B4D-9DB0-9D12ADC1ACBB}.Debug|Any CPU.ActiveCfg = Debug|Any CPU
		{DE62FC7E-3E89-4B4D-9DB0-9D12ADC1ACBB}.Debug|Any CPU.Build.0 = Debug|Any CPU
		{DE62FC7E-3E89-4B4D-9DB0-9D12ADC1ACBB}.Release|Any CPU.ActiveCfg = Release|Any CPU
		{DE62FC7E-3E89-4B4D-9DB0-9D12ADC1ACBB}.Release|Any CPU.Build.0 = Release|Any CPU
	EndGlobalSection
	GlobalSection(SolutionProperties) = preSolution
		HideSolutionNode = FALSE
	EndGlobalSection
	GlobalSection(ExtensibilityGlobals) = postSolution
		SolutionGuid = {94193693-F302-4412-8D81-7104EB1C5042}
	EndGlobalSection
EndGlobal
