
Microsoft Visual Studio Solution File, Format Version 12.00
# Visual Studio Version 17
VisualStudioVersion = 17.13.35825.156 d17.13
MinimumVisualStudioVersion = 10.0.40219.1
Project("{FAE04EC0-301F-11D3-BF4B-00C04F79EFBC}") = "Linq With Filtering Data + Lists", "Linq With Filtering Data + Lists.csproj", "{69588111-9BDB-400A-92A2-63366DDC9217}"
EndProject
Global
	GlobalSection(SolutionConfigurationPlatforms) = preSolution
		Debug|Any CPU = Debug|Any CPU
		Release|Any CPU = Release|Any CPU
	EndGlobalSection
	GlobalSection(ProjectConfigurationPlatforms) = postSolution
		{69588111-9BDB-400A-92A2-63366DDC9217}.Debug|Any CPU.ActiveCfg = Debug|Any CPU
		{69588111-9BDB-400A-92A2-63366DDC9217}.Debug|Any CPU.Build.0 = Debug|Any CPU
		{69588111-9BDB-400A-92A2-63366DDC9217}.Release|Any CPU.ActiveCfg = Release|Any CPU
		{69588111-9BDB-400A-92A2-63366DDC9217}.Release|Any CPU.Build.0 = Release|Any CPU
	EndGlobalSection
	GlobalSection(SolutionProperties) = preSolution
		HideSolutionNode = FALSE
	EndGlobalSection
	GlobalSection(ExtensibilityGlobals) = postSolution
		SolutionGuid = {7D16495D-05DE-4782-B4B0-A566371280C6}
	EndGlobalSection
EndGlobal
