
Microsoft Visual Studio Solution File, Format Version 12.00
# Visual Studio Version 17
VisualStudioVersion = 17.13.35825.156 d17.13
MinimumVisualStudioVersion = 10.0.40219.1
Project("{FAE04EC0-301F-11D3-BF4B-00C04F79EFBC}") = "Aggregate Functions in ArrayList with Linq", "Aggregate Functions in ArrayList with Linq.csproj", "{9B9F2514-9E4C-452D-A068-8BFA511A9A65}"
EndProject
Global
	GlobalSection(SolutionConfigurationPlatforms) = preSolution
		Debug|Any CPU = Debug|Any CPU
		Release|Any CPU = Release|Any CPU
	EndGlobalSection
	GlobalSection(ProjectConfigurationPlatforms) = postSolution
		{9B9F2514-9E4C-452D-A068-8BFA511A9A65}.Debug|Any CPU.ActiveCfg = Debug|Any CPU
		{9B9F2514-9E4C-452D-A068-8BFA511A9A65}.Debug|Any CPU.Build.0 = Debug|Any CPU
		{9B9F2514-9E4C-452D-A068-8BFA511A9A65}.Release|Any CPU.ActiveCfg = Release|Any CPU
		{9B9F2514-9E4C-452D-A068-8BFA511A9A65}.Release|Any CPU.Build.0 = Release|Any CPU
	EndGlobalSection
	GlobalSection(SolutionProperties) = preSolution
		HideSolutionNode = FALSE
	EndGlobalSection
	GlobalSection(ExtensibilityGlobals) = postSolution
		SolutionGuid = {CB22DC2C-8C2D-4504-88D5-1362A590A361}
	EndGlobalSection
EndGlobal
